
Microsoft Visual Studio Solution File, Format Version 12.00
# Visual Studio Version 17
VisualStudioVersion = 17.14.36221.1 d17.14
MinimumVisualStudioVersion = 10.0.40219.1
Project("{FAE04EC0-301F-11D3-BF4B-00C04F79EFBC}") = "Autoservis", "Autoservis.csproj", "{2B4183E8-6880-49F5-8059-4FB376ACF6DC}"
EndProject
Global
	GlobalSection(SolutionConfigurationPlatforms) = preSolution
		Debug|Any CPU = Debug|Any CPU
		Release|Any CPU = Release|Any CPU
	EndGlobalSection
	GlobalSection(ProjectConfigurationPlatforms) = postSolution
		{2B4183E8-6880-49F5-8059-4FB376ACF6DC}.Debug|Any CPU.ActiveCfg = Debug|Any CPU
		{2B4183E8-6880-49F5-8059-4FB376ACF6DC}.Debug|Any CPU.Build.0 = Debug|Any CPU
		{2B4183E8-6880-49F5-8059-4FB376ACF6DC}.Release|Any CPU.ActiveCfg = Release|Any CPU
		{2B4183E8-6880-49F5-8059-4FB376ACF6DC}.Release|Any CPU.Build.0 = Release|Any CPU
	EndGlobalSection
	GlobalSection(SolutionProperties) = preSolution
		HideSolutionNode = FALSE
	EndGlobalSection
	GlobalSection(ExtensibilityGlobals) = postSolution
		SolutionGuid = {F223C744-C179-4D0D-8760-C23EF089721A}
	EndGlobalSection
EndGlobal
